{
  "requires": true,
  "lockfileVersion": 1,
  "dependencies": {
    "dayjs": {
      "version": "1.8.20",
      "resolved": "https://registry.npmjs.org/dayjs/-/dayjs-1.8.20.tgz",
      "integrity": "sha512-mH0MCDxw6UCGJYxVN78h8ugWycZAO8thkj3bW6vApL5tS0hQplIDdAQcmbvl7n35H0AKdCJQaArTrIQw2xt4Qg=="
    }
  }
}
